// !$*UTF8*$!
{
	archiveVersion = 1;
	classes = {
	};
	objectVersion = 51;
	objects = {

/* Begin PBXBuildFile section */
		80AAA8DC66555A247198F68A /* Pods_KurentoDemo_KurentoDemoUITests.framework in Frameworks */ = {isa = PBXBuildFile; fileRef = 5D37D0FD428179ABC9187BAF /* Pods_KurentoDemo_KurentoDemoUITests.framework */; };
		8418F711D948F3C8AF8BF6BE /* Pods_KurentoDemo.framework in Frameworks */ = {isa = PBXBuildFile; fileRef = 0F66DB11D7ECB6DBC8CAB319 /* Pods_KurentoDemo.framework */; };
		8467E39624B2D93F00CF45AD /* KurentoConfig.swift in Sources */ = {isa = PBXBuildFile; fileRef = 8467E39524B2D93F00CF45AD /* KurentoConfig.swift */; };
		8467E39824B2DD8600CF45AD /* Convert.swift in Sources */ = {isa = PBXBuildFile; fileRef = 8467E39724B2DD8600CF45AD /* Convert.swift */; };
		8467E39C24B31A5D00CF45AD /* OneToOneViewController.swift in Sources */ = {isa = PBXBuildFile; fileRef = 8467E39A24B31A5C00CF45AD /* OneToOneViewController.swift */; };
		8467E39D24B31A5D00CF45AD /* OneToOneViewController.xib in Resources */ = {isa = PBXBuildFile; fileRef = 8467E39B24B31A5C00CF45AD /* OneToOneViewController.xib */; };
		96CB2CAA24B1A6F400F026B7 /* AppDelegate.swift in Sources */ = {isa = PBXBuildFile; fileRef = 96CB2CA924B1A6F400F026B7 /* AppDelegate.swift */; };
		96CB2CAE24B1A6F400F026B7 /* ViewController.swift in Sources */ = {isa = PBXBuildFile; fileRef = 96CB2CAD24B1A6F400F026B7 /* ViewController.swift */; };
		96CB2CB124B1A6F400F026B7 /* Main.storyboard in Resources */ = {isa = PBXBuildFile; fileRef = 96CB2CAF24B1A6F400F026B7 /* Main.storyboard */; };
		96CB2CB424B1A6F400F026B7 /* KurentoDemo.xcdatamodeld in Sources */ = {isa = PBXBuildFile; fileRef = 96CB2CB224B1A6F400F026B7 /* KurentoDemo.xcdatamodeld */; };
		96CB2CB624B1A6F700F026B7 /* Assets.xcassets in Resources */ = {isa = PBXBuildFile; fileRef = 96CB2CB524B1A6F700F026B7 /* Assets.xcassets */; };
		96CB2CB924B1A6F700F026B7 /* LaunchScreen.storyboard in Resources */ = {isa = PBXBuildFile; fileRef = 96CB2CB724B1A6F700F026B7 /* LaunchScreen.storyboard */; };
		96CB2CC424B1A6F700F026B7 /* KurentoDemoTests.swift in Sources */ = {isa = PBXBuildFile; fileRef = 96CB2CC324B1A6F700F026B7 /* KurentoDemoTests.swift */; };
		96CB2CCF24B1A6F700F026B7 /* KurentoDemoUITests.swift in Sources */ = {isa = PBXBuildFile; fileRef = 96CB2CCE24B1A6F700F026B7 /* KurentoDemoUITests.swift */; };
		96CB2CF024B1B65D00F026B7 /* StreamViewController.swift in Sources */ = {isa = PBXBuildFile; fileRef = 96CB2CDD24B1B65D00F026B7 /* StreamViewController.swift */; };
		96CB2CF124B1B65D00F026B7 /* StreamViewController.xib in Resources */ = {isa = PBXBuildFile; fileRef = 96CB2CDE24B1B65D00F026B7 /* StreamViewController.xib */; };
		96CB2CF224B1B65D00F026B7 /* ViewerViewController.swift in Sources */ = {isa = PBXBuildFile; fileRef = 96CB2CE024B1B65D00F026B7 /* ViewerViewController.swift */; };
		96CB2CF324B1B65D00F026B7 /* ViewerViewController.xib in Resources */ = {isa = PBXBuildFile; fileRef = 96CB2CE124B1B65D00F026B7 /* ViewerViewController.xib */; };
		96CB2CF424B1B65D00F026B7 /* SocketManager.swift in Sources */ = {isa = PBXBuildFile; fileRef = 96CB2CE324B1B65D00F026B7 /* SocketManager.swift */; };
		96CB2CF524B1B65D00F026B7 /* WebRTCDelegate.swift in Sources */ = {isa = PBXBuildFile; fileRef = 96CB2CE524B1B65D00F026B7 /* WebRTCDelegate.swift */; };
		96CB2CF624B1B65D00F026B7 /* RTCSettingsStore.swift in Sources */ = {isa = PBXBuildFile; fileRef = 96CB2CE624B1B65D00F026B7 /* RTCSettingsStore.swift */; };
		96CB2CF724B1B65D00F026B7 /* RTCPeer.swift in Sources */ = {isa = PBXBuildFile; fileRef = 96CB2CE724B1B65D00F026B7 /* RTCPeer.swift */; };
		96CB2CF824B1B65D00F026B7 /* AVCaptureState.swift in Sources */ = {isa = PBXBuildFile; fileRef = 96CB2CE824B1B65D00F026B7 /* AVCaptureState.swift */; };
		96CB2CF924B1B65D00F026B7 /* RTCCapturerSettingsModel.swift in Sources */ = {isa = PBXBuildFile; fileRef = 96CB2CE924B1B65D00F026B7 /* RTCCapturerSettingsModel.swift */; };
		96CB2CFA24B1B65D00F026B7 /* WebRTCClient.swift in Sources */ = {isa = PBXBuildFile; fileRef = 96CB2CEA24B1B65D00F026B7 /* WebRTCClient.swift */; };
		96CB2CFD24B1B65D00F026B7 /* sample.mp4 in Resources */ = {isa = PBXBuildFile; fileRef = 96CB2CEF24B1B65D00F026B7 /* sample.mp4 */; };
		96FBD40924B1D85B002708DC /* RoomViewController.swift in Sources */ = {isa = PBXBuildFile; fileRef = 96FBD40724B1D85B002708DC /* RoomViewController.swift */; };
		96FBD40A24B1D85B002708DC /* RoomViewController.xib in Resources */ = {isa = PBXBuildFile; fileRef = 96FBD40824B1D85B002708DC /* RoomViewController.xib */; };
		96FBD45424B24060002708DC /* HomeViewController.xib in Resources */ = {isa = PBXBuildFile; fileRef = 96FBD45224B24060002708DC /* HomeViewController.xib */; };
		96FBD45524B24060002708DC /* HomeViewController.swift in Sources */ = {isa = PBXBuildFile; fileRef = 96FBD45324B24060002708DC /* HomeViewController.swift */; };
		9E009473CB18939E5AD1C36C /* Pods_KurentoDemoTests.framework in Frameworks */ = {isa = PBXBuildFile; fileRef = 97B7293E1DD76D78156653A7 /* Pods_KurentoDemoTests.framework */; };
/* End PBXBuildFile section */

/* Begin PBXContainerItemProxy section */
		96CB2CC024B1A6F700F026B7 /* PBXContainerItemProxy */ = {
			isa = PBXContainerItemProxy;
			containerPortal = 96CB2C9E24B1A6F400F026B7 /* Project object */;
			proxyType = 1;
			remoteGlobalIDString = 96CB2CA524B1A6F400F026B7;
			remoteInfo = KurentoDemo;
		};
		96CB2CCB24B1A6F700F026B7 /* PBXContainerItemProxy */ = {
			isa = PBXContainerItemProxy;
			containerPortal = 96CB2C9E24B1A6F400F026B7 /* Project object */;
			proxyType = 1;
			remoteGlobalIDString = 96CB2CA524B1A6F400F026B7;
			remoteInfo = KurentoDemo;
		};
/* End PBXContainerItemProxy section */

/* Begin PBXFileReference section */
		0F66DB11D7ECB6DBC8CAB319 /* Pods_KurentoDemo.framework */ = {isa = PBXFileReference; explicitFileType = wrapper.framework; includeInIndex = 0; path = Pods_KurentoDemo.framework; sourceTree = BUILT_PRODUCTS_DIR; };
		125CC5C8A42FB16DD4FD184B /* Pods-KurentoDemo-KurentoDemoUITests.release.xcconfig */ = {isa = PBXFileReference; includeInIndex = 1; lastKnownFileType = text.xcconfig; name = "Pods-KurentoDemo-KurentoDemoUITests.release.xcconfig"; path = "Target Support Files/Pods-KurentoDemo-KurentoDemoUITests/Pods-KurentoDemo-KurentoDemoUITests.release.xcconfig"; sourceTree = "<group>"; };
		14A9593690377C80BAA2794E /* Pods-KurentoDemo.debug.xcconfig */ = {isa = PBXFileReference; includeInIndex = 1; lastKnownFileType = text.xcconfig; name = "Pods-KurentoDemo.debug.xcconfig"; path = "Target Support Files/Pods-KurentoDemo/Pods-KurentoDemo.debug.xcconfig"; sourceTree = "<group>"; };
		1D6484279168897C8ED6A6E9 /* Pods-KurentoDemoTests.release.xcconfig */ = {isa = PBXFileReference; includeInIndex = 1; lastKnownFileType = text.xcconfig; name = "Pods-KurentoDemoTests.release.xcconfig"; path = "Target Support Files/Pods-KurentoDemoTests/Pods-KurentoDemoTests.release.xcconfig"; sourceTree = "<group>"; };
		5D37D0FD428179ABC9187BAF /* Pods_KurentoDemo_KurentoDemoUITests.framework */ = {isa = PBXFileReference; explicitFileType = wrapper.framework; includeInIndex = 0; path = Pods_KurentoDemo_KurentoDemoUITests.framework; sourceTree = BUILT_PRODUCTS_DIR; };
		5E4877ECBB514C9C11AD9740 /* Pods-KurentoDemo.release.xcconfig */ = {isa = PBXFileReference; includeInIndex = 1; lastKnownFileType = text.xcconfig; name = "Pods-KurentoDemo.release.xcconfig"; path = "Target Support Files/Pods-KurentoDemo/Pods-KurentoDemo.release.xcconfig"; sourceTree = "<group>"; };
		6D8BE2AC1FB666B26072F2F7 /* Pods-KurentoDemo-KurentoDemoUITests.debug.xcconfig */ = {isa = PBXFileReference; includeInIndex = 1; lastKnownFileType = text.xcconfig; name = "Pods-KurentoDemo-KurentoDemoUITests.debug.xcconfig"; path = "Target Support Files/Pods-KurentoDemo-KurentoDemoUITests/Pods-KurentoDemo-KurentoDemoUITests.debug.xcconfig"; sourceTree = "<group>"; };
		6F56F0C2509726E1DC29984E /* Pods-KurentoDemoTests.debug.xcconfig */ = {isa = PBXFileReference; includeInIndex = 1; lastKnownFileType = text.xcconfig; name = "Pods-KurentoDemoTests.debug.xcconfig"; path = "Target Support Files/Pods-KurentoDemoTests/Pods-KurentoDemoTests.debug.xcconfig"; sourceTree = "<group>"; };
		8467E39524B2D93F00CF45AD /* KurentoConfig.swift */ = {isa = PBXFileReference; lastKnownFileType = sourcecode.swift; path = KurentoConfig.swift; sourceTree = "<group>"; };
		8467E39724B2DD8600CF45AD /* Convert.swift */ = {isa = PBXFileReference; lastKnownFileType = sourcecode.swift; path = Convert.swift; sourceTree = "<group>"; };
		8467E39A24B31A5C00CF45AD /* OneToOneViewController.swift */ = {isa = PBXFileReference; lastKnownFileType = sourcecode.swift; path = OneToOneViewController.swift; sourceTree = "<group>"; };
		8467E39B24B31A5C00CF45AD /* OneToOneViewController.xib */ = {isa = PBXFileReference; lastKnownFileType = file.xib; path = OneToOneViewController.xib; sourceTree = "<group>"; };
		96CB2CA624B1A6F400F026B7 /* KurentoDemo.app */ = {isa = PBXFileReference; explicitFileType = wrapper.application; includeInIndex = 0; path = KurentoDemo.app; sourceTree = BUILT_PRODUCTS_DIR; };
		96CB2CA924B1A6F400F026B7 /* AppDelegate.swift */ = {isa = PBXFileReference; lastKnownFileType = sourcecode.swift; path = AppDelegate.swift; sourceTree = "<group>"; };
		96CB2CAD24B1A6F400F026B7 /* ViewController.swift */ = {isa = PBXFileReference; lastKnownFileType = sourcecode.swift; path = ViewController.swift; sourceTree = "<group>"; };
		96CB2CB024B1A6F400F026B7 /* Base */ = {isa = PBXFileReference; lastKnownFileType = file.storyboard; name = Base; path = Base.lproj/Main.storyboard; sourceTree = "<group>"; };
		96CB2CB324B1A6F400F026B7 /* KurentoDemo.xcdatamodel */ = {isa = PBXFileReference; lastKnownFileType = wrapper.xcdatamodel; path = KurentoDemo.xcdatamodel; sourceTree = "<group>"; };
		96CB2CB524B1A6F700F026B7 /* Assets.xcassets */ = {isa = PBXFileReference; lastKnownFileType = folder.assetcatalog; path = Assets.xcassets; sourceTree = "<group>"; };
		96CB2CB824B1A6F700F026B7 /* Base */ = {isa = PBXFileReference; lastKnownFileType = file.storyboard; name = Base; path = Base.lproj/LaunchScreen.storyboard; sourceTree = "<group>"; };
		96CB2CBA24B1A6F700F026B7 /* Info.plist */ = {isa = PBXFileReference; lastKnownFileType = text.plist.xml; path = Info.plist; sourceTree = "<group>"; };
		96CB2CBF24B1A6F700F026B7 /* KurentoDemoTests.xctest */ = {isa = PBXFileReference; explicitFileType = wrapper.cfbundle; includeInIndex = 0; path = KurentoDemoTests.xctest; sourceTree = BUILT_PRODUCTS_DIR; };
		96CB2CC324B1A6F700F026B7 /* KurentoDemoTests.swift */ = {isa = PBXFileReference; lastKnownFileType = sourcecode.swift; path = KurentoDemoTests.swift; sourceTree = "<group>"; };
		96CB2CC524B1A6F700F026B7 /* Info.plist */ = {isa = PBXFileReference; lastKnownFileType = text.plist.xml; path = Info.plist; sourceTree = "<group>"; };
		96CB2CCA24B1A6F700F026B7 /* KurentoDemoUITests.xctest */ = {isa = PBXFileReference; explicitFileType = wrapper.cfbundle; includeInIndex = 0; path = KurentoDemoUITests.xctest; sourceTree = BUILT_PRODUCTS_DIR; };
		96CB2CCE24B1A6F700F026B7 /* KurentoDemoUITests.swift */ = {isa = PBXFileReference; lastKnownFileType = sourcecode.swift; path = KurentoDemoUITests.swift; sourceTree = "<group>"; };
		96CB2CD024B1A6F700F026B7 /* Info.plist */ = {isa = PBXFileReference; lastKnownFileType = text.plist.xml; path = Info.plist; sourceTree = "<group>"; };
		96CB2CDD24B1B65D00F026B7 /* StreamViewController.swift */ = {isa = PBXFileReference; fileEncoding = 4; lastKnownFileType = sourcecode.swift; path = StreamViewController.swift; sourceTree = "<group>"; };
		96CB2CDE24B1B65D00F026B7 /* StreamViewController.xib */ = {isa = PBXFileReference; fileEncoding = 4; lastKnownFileType = file.xib; path = StreamViewController.xib; sourceTree = "<group>"; };
		96CB2CE024B1B65D00F026B7 /* ViewerViewController.swift */ = {isa = PBXFileReference; fileEncoding = 4; lastKnownFileType = sourcecode.swift; path = ViewerViewController.swift; sourceTree = "<group>"; };
		96CB2CE124B1B65D00F026B7 /* ViewerViewController.xib */ = {isa = PBXFileReference; fileEncoding = 4; lastKnownFileType = file.xib; path = ViewerViewController.xib; sourceTree = "<group>"; };
		96CB2CE324B1B65D00F026B7 /* SocketManager.swift */ = {isa = PBXFileReference; fileEncoding = 4; lastKnownFileType = sourcecode.swift; path = SocketManager.swift; sourceTree = "<group>"; };
		96CB2CE524B1B65D00F026B7 /* WebRTCDelegate.swift */ = {isa = PBXFileReference; fileEncoding = 4; lastKnownFileType = sourcecode.swift; path = WebRTCDelegate.swift; sourceTree = "<group>"; };
		96CB2CE624B1B65D00F026B7 /* RTCSettingsStore.swift */ = {isa = PBXFileReference; fileEncoding = 4; lastKnownFileType = sourcecode.swift; path = RTCSettingsStore.swift; sourceTree = "<group>"; };
		96CB2CE724B1B65D00F026B7 /* RTCPeer.swift */ = {isa = PBXFileReference; fileEncoding = 4; lastKnownFileType = sourcecode.swift; path = RTCPeer.swift; sourceTree = "<group>"; };
		96CB2CE824B1B65D00F026B7 /* AVCaptureState.swift */ = {isa = PBXFileReference; fileEncoding = 4; lastKnownFileType = sourcecode.swift; path = AVCaptureState.swift; sourceTree = "<group>"; };
		96CB2CE924B1B65D00F026B7 /* RTCCapturerSettingsModel.swift */ = {isa = PBXFileReference; fileEncoding = 4; lastKnownFileType = sourcecode.swift; path = RTCCapturerSettingsModel.swift; sourceTree = "<group>"; };
		96CB2CEA24B1B65D00F026B7 /* WebRTCClient.swift */ = {isa = PBXFileReference; fileEncoding = 4; lastKnownFileType = sourcecode.swift; path = WebRTCClient.swift; sourceTree = "<group>"; };
		96CB2CEF24B1B65D00F026B7 /* sample.mp4 */ = {isa = PBXFileReference; lastKnownFileType = file; path = sample.mp4; sourceTree = "<group>"; };
		96CB2CFF24B1BB4600F026B7 /* KurentoDemo-Bridging-Header.h */ = {isa = PBXFileReference; fileEncoding = 4; lastKnownFileType = sourcecode.c.h; path = "KurentoDemo-Bridging-Header.h"; sourceTree = "<group>"; };
		96FBD40724B1D85B002708DC /* RoomViewController.swift */ = {isa = PBXFileReference; lastKnownFileType = sourcecode.swift; path = RoomViewController.swift; sourceTree = "<group>"; };
		96FBD40824B1D85B002708DC /* RoomViewController.xib */ = {isa = PBXFileReference; lastKnownFileType = file.xib; path = RoomViewController.xib; sourceTree = "<group>"; };
		96FBD45224B24060002708DC /* HomeViewController.xib */ = {isa = PBXFileReference; fileEncoding = 4; lastKnownFileType = file.xib; path = HomeViewController.xib; sourceTree = "<group>"; };
		96FBD45324B24060002708DC /* HomeViewController.swift */ = {isa = PBXFileReference; fileEncoding = 4; lastKnownFileType = sourcecode.swift; path = HomeViewController.swift; sourceTree = "<group>"; };
		97B7293E1DD76D78156653A7 /* Pods_KurentoDemoTests.framework */ = {isa = PBXFileReference; explicitFileType = wrapper.framework; includeInIndex = 0; path = Pods_KurentoDemoTests.framework; sourceTree = BUILT_PRODUCTS_DIR; };
/* End PBXFileReference section */

/* Begin PBXFrameworksBuildPhase section */
		96CB2CA324B1A6F400F026B7 /* Frameworks */ = {
			isa = PBXFrameworksBuildPhase;
			buildActionMask = 2147483647;
			files = (
				8418F711D948F3C8AF8BF6BE /* Pods_KurentoDemo.framework in Frameworks */,
			);
			runOnlyForDeploymentPostprocessing = 0;
		};
		96CB2CBC24B1A6F700F026B7 /* Frameworks */ = {
			isa = PBXFrameworksBuildPhase;
			buildActionMask = 2147483647;
			files = (
				9E009473CB18939E5AD1C36C /* Pods_KurentoDemoTests.framework in Frameworks */,
			);
			runOnlyForDeploymentPostprocessing = 0;
		};
		96CB2CC724B1A6F700F026B7 /* Frameworks */ = {
			isa = PBXFrameworksBuildPhase;
			buildActionMask = 2147483647;
			files = (
				80AAA8DC66555A247198F68A /* Pods_KurentoDemo_KurentoDemoUITests.framework in Frameworks */,
			);
			runOnlyForDeploymentPostprocessing = 0;
		};
/* End PBXFrameworksBuildPhase section */

/* Begin PBXGroup section */
		736D2201A759618A8E807BC3 /* Frameworks */ = {
			isa = PBXGroup;
			children = (
				0F66DB11D7ECB6DBC8CAB319 /* Pods_KurentoDemo.framework */,
				5D37D0FD428179ABC9187BAF /* Pods_KurentoDemo_KurentoDemoUITests.framework */,
				97B7293E1DD76D78156653A7 /* Pods_KurentoDemoTests.framework */,
			);
			name = Frameworks;
			sourceTree = "<group>";
		};
		8467E39424B2D92800CF45AD /* Config */ = {
			isa = PBXGroup;
			children = (
				8467E39524B2D93F00CF45AD /* KurentoConfig.swift */,
				8467E39724B2DD8600CF45AD /* Convert.swift */,
			);
			path = Config;
			sourceTree = "<group>";
		};
		8467E39924B31A4200CF45AD /* OneToOne */ = {
			isa = PBXGroup;
			children = (
				8467E39A24B31A5C00CF45AD /* OneToOneViewController.swift */,
				8467E39B24B31A5C00CF45AD /* OneToOneViewController.xib */,
			);
			path = OneToOne;
			sourceTree = "<group>";
		};
		96CB2C9D24B1A6F400F026B7 = {
			isa = PBXGroup;
			children = (
				96CB2CA824B1A6F400F026B7 /* KurentoDemo */,
				96CB2CC224B1A6F700F026B7 /* KurentoDemoTests */,
				96CB2CCD24B1A6F700F026B7 /* KurentoDemoUITests */,
				96CB2CA724B1A6F400F026B7 /* Products */,
				FC2543AD7ED089EDD40194E9 /* Pods */,
				736D2201A759618A8E807BC3 /* Frameworks */,
			);
			sourceTree = "<group>";
		};
		96CB2CA724B1A6F400F026B7 /* Products */ = {
			isa = PBXGroup;
			children = (
				96CB2CA624B1A6F400F026B7 /* KurentoDemo.app */,
				96CB2CBF24B1A6F700F026B7 /* KurentoDemoTests.xctest */,
				96CB2CCA24B1A6F700F026B7 /* KurentoDemoUITests.xctest */,
			);
			name = Products;
			sourceTree = "<group>";
		};
		96CB2CA824B1A6F400F026B7 /* KurentoDemo */ = {
			isa = PBXGroup;
			children = (
				8467E39924B31A4200CF45AD /* OneToOne */,
				8467E39424B2D92800CF45AD /* Config */,
				96FBD40524B1D838002708DC /* Room */,
				96CB2CFF24B1BB4600F026B7 /* KurentoDemo-Bridging-Header.h */,
				96CB2CFE24B1B66600F026B7 /* LiveStream */,
				96CB2CEE24B1B65D00F026B7 /* Resouce */,
				96CB2CE224B1B65D00F026B7 /* SocketManager */,
				96CB2CE424B1B65D00F026B7 /* WebRTC */,
				96CB2CA924B1A6F400F026B7 /* AppDelegate.swift */,
				96CB2CAD24B1A6F400F026B7 /* ViewController.swift */,
				96CB2CAF24B1A6F400F026B7 /* Main.storyboard */,
				96CB2CB524B1A6F700F026B7 /* Assets.xcassets */,
				96CB2CB724B1A6F700F026B7 /* LaunchScreen.storyboard */,
				96CB2CBA24B1A6F700F026B7 /* Info.plist */,
				96CB2CB224B1A6F400F026B7 /* KurentoDemo.xcdatamodeld */,
			);
			path = KurentoDemo;
			sourceTree = "<group>";
		};
		96CB2CC224B1A6F700F026B7 /* KurentoDemoTests */ = {
			isa = PBXGroup;
			children = (
				96CB2CC324B1A6F700F026B7 /* KurentoDemoTests.swift */,
				96CB2CC524B1A6F700F026B7 /* Info.plist */,
			);
			path = KurentoDemoTests;
			sourceTree = "<group>";
		};
		96CB2CCD24B1A6F700F026B7 /* KurentoDemoUITests */ = {
			isa = PBXGroup;
			children = (
				96CB2CCE24B1A6F700F026B7 /* KurentoDemoUITests.swift */,
				96CB2CD024B1A6F700F026B7 /* Info.plist */,
			);
			path = KurentoDemoUITests;
			sourceTree = "<group>";
		};
		96CB2CDC24B1B65D00F026B7 /* StreamViewController */ = {
			isa = PBXGroup;
			children = (
				96CB2CDD24B1B65D00F026B7 /* StreamViewController.swift */,
				96CB2CDE24B1B65D00F026B7 /* StreamViewController.xib */,
			);
			path = StreamViewController;
			sourceTree = "<group>";
		};
		96CB2CDF24B1B65D00F026B7 /* ViewerViewController */ = {
			isa = PBXGroup;
			children = (
				96CB2CE024B1B65D00F026B7 /* ViewerViewController.swift */,
				96CB2CE124B1B65D00F026B7 /* ViewerViewController.xib */,
			);
			path = ViewerViewController;
			sourceTree = "<group>";
		};
		96CB2CE224B1B65D00F026B7 /* SocketManager */ = {
			isa = PBXGroup;
			children = (
				96CB2CE324B1B65D00F026B7 /* SocketManager.swift */,
			);
			path = SocketManager;
			sourceTree = "<group>";
		};
		96CB2CE424B1B65D00F026B7 /* WebRTC */ = {
			isa = PBXGroup;
			children = (
				96CB2CE524B1B65D00F026B7 /* WebRTCDelegate.swift */,
				96CB2CE624B1B65D00F026B7 /* RTCSettingsStore.swift */,
				96CB2CE724B1B65D00F026B7 /* RTCPeer.swift */,
				96CB2CE824B1B65D00F026B7 /* AVCaptureState.swift */,
				96CB2CE924B1B65D00F026B7 /* RTCCapturerSettingsModel.swift */,
				96CB2CEA24B1B65D00F026B7 /* WebRTCClient.swift */,
			);
			path = WebRTC;
			sourceTree = "<group>";
		};
		96CB2CEB24B1B65D00F026B7 /* Home */ = {
			isa = PBXGroup;
			children = (
				96FBD45324B24060002708DC /* HomeViewController.swift */,
				96FBD45224B24060002708DC /* HomeViewController.xib */,
			);
			path = Home;
			sourceTree = "<group>";
		};
		96CB2CEE24B1B65D00F026B7 /* Resouce */ = {
			isa = PBXGroup;
			children = (
				96CB2CEF24B1B65D00F026B7 /* sample.mp4 */,
			);
			path = Resouce;
			sourceTree = "<group>";
		};
		96CB2CFE24B1B66600F026B7 /* LiveStream */ = {
			isa = PBXGroup;
			children = (
				96CB2CDF24B1B65D00F026B7 /* ViewerViewController */,
				96CB2CDC24B1B65D00F026B7 /* StreamViewController */,
				96CB2CEB24B1B65D00F026B7 /* Home */,
			);
			path = LiveStream;
			sourceTree = "<group>";
		};
		96FBD40524B1D838002708DC /* Room */ = {
			isa = PBXGroup;
			children = (
				96FBD40724B1D85B002708DC /* RoomViewController.swift */,
				96FBD40824B1D85B002708DC /* RoomViewController.xib */,
			);
			path = Room;
			sourceTree = "<group>";
		};
		FC2543AD7ED089EDD40194E9 /* Pods */ = {
			isa = PBXGroup;
			children = (
				14A9593690377C80BAA2794E /* Pods-KurentoDemo.debug.xcconfig */,
				5E4877ECBB514C9C11AD9740 /* Pods-KurentoDemo.release.xcconfig */,
				6D8BE2AC1FB666B26072F2F7 /* Pods-KurentoDemo-KurentoDemoUITests.debug.xcconfig */,
				125CC5C8A42FB16DD4FD184B /* Pods-KurentoDemo-KurentoDemoUITests.release.xcconfig */,
				6F56F0C2509726E1DC29984E /* Pods-KurentoDemoTests.debug.xcconfig */,
				1D6484279168897C8ED6A6E9 /* Pods-KurentoDemoTests.release.xcconfig */,
			);
			path = Pods;
			sourceTree = "<group>";
		};
/* End PBXGroup section */

/* Begin PBXNativeTarget section */
		96CB2CA524B1A6F400F026B7 /* KurentoDemo */ = {
			isa = PBXNativeTarget;
			buildConfigurationList = 96CB2CD324B1A6F700F026B7 /* Build configuration list for PBXNativeTarget "KurentoDemo" */;
			buildPhases = (
				F93D89CECE4F0137DEB79CB9 /* [CP] Check Pods Manifest.lock */,
				96CB2CA224B1A6F400F026B7 /* Sources */,
				96CB2CA324B1A6F400F026B7 /* Frameworks */,
				96CB2CA424B1A6F400F026B7 /* Resources */,
				48BC0E3A9BA302248562B861 /* [CP] Embed Pods Frameworks */,
			);
			buildRules = (
			);
			dependencies = (
			);
			name = KurentoDemo;
			productName = KurentoDemo;
			productReference = 96CB2CA624B1A6F400F026B7 /* KurentoDemo.app */;
			productType = "com.apple.product-type.application";
		};
		96CB2CBE24B1A6F700F026B7 /* KurentoDemoTests */ = {
			isa = PBXNativeTarget;
			buildConfigurationList = 96CB2CD624B1A6F700F026B7 /* Build configuration list for PBXNativeTarget "KurentoDemoTests" */;
			buildPhases = (
				34625815F532BB7080247476 /* [CP] Check Pods Manifest.lock */,
				96CB2CBB24B1A6F700F026B7 /* Sources */,
				96CB2CBC24B1A6F700F026B7 /* Frameworks */,
				96CB2CBD24B1A6F700F026B7 /* Resources */,
			);
			buildRules = (
			);
			dependencies = (
				96CB2CC124B1A6F700F026B7 /* PBXTargetDependency */,
			);
			name = KurentoDemoTests;
			productName = KurentoDemoTests;
			productReference = 96CB2CBF24B1A6F700F026B7 /* KurentoDemoTests.xctest */;
			productType = "com.apple.product-type.bundle.unit-test";
		};
		96CB2CC924B1A6F700F026B7 /* KurentoDemoUITests */ = {
			isa = PBXNativeTarget;
			buildConfigurationList = 96CB2CD924B1A6F700F026B7 /* Build configuration list for PBXNativeTarget "KurentoDemoUITests" */;
			buildPhases = (
				3B8394FF0905B6C48DA3446E /* [CP] Check Pods Manifest.lock */,
				96CB2CC624B1A6F700F026B7 /* Sources */,
				96CB2CC724B1A6F700F026B7 /* Frameworks */,
				96CB2CC824B1A6F700F026B7 /* Resources */,
				86A361FA5A5C55DB8B66FBD9 /* [CP] Embed Pods Frameworks */,
			);
			buildRules = (
			);
			dependencies = (
				96CB2CCC24B1A6F700F026B7 /* PBXTargetDependency */,
			);
			name = KurentoDemoUITests;
			productName = KurentoDemoUITests;
			productReference = 96CB2CCA24B1A6F700F026B7 /* KurentoDemoUITests.xctest */;
			productType = "com.apple.product-type.bundle.ui-testing";
		};
/* End PBXNativeTarget section */

/* Begin PBXProject section */
		96CB2C9E24B1A6F400F026B7 /* Project object */ = {
			isa = PBXProject;
			attributes = {
				LastSwiftUpdateCheck = 1130;
				LastUpgradeCheck = 1130;
				ORGANIZATIONNAME = "Din Vu Dinh";
				TargetAttributes = {
					96CB2CA524B1A6F400F026B7 = {
						CreatedOnToolsVersion = 11.3;
					};
					96CB2CBE24B1A6F700F026B7 = {
						CreatedOnToolsVersion = 11.3;
						TestTargetID = 96CB2CA524B1A6F400F026B7;
					};
					96CB2CC924B1A6F700F026B7 = {
						CreatedOnToolsVersion = 11.3;
						TestTargetID = 96CB2CA524B1A6F400F026B7;
					};
				};
			};
			buildConfigurationList = 96CB2CA124B1A6F400F026B7 /* Build configuration list for PBXProject "KurentoDemo" */;
			compatibilityVersion = "Xcode 9.3";
			developmentRegion = en;
			hasScannedForEncodings = 0;
			knownRegions = (
				en,
				Base,
			);
			mainGroup = 96CB2C9D24B1A6F400F026B7;
			productRefGroup = 96CB2CA724B1A6F400F026B7 /* Products */;
			projectDirPath = "";
			projectRoot = "";
			targets = (
				96CB2CA524B1A6F400F026B7 /* KurentoDemo */,
				96CB2CBE24B1A6F700F026B7 /* KurentoDemoTests */,
				96CB2CC924B1A6F700F026B7 /* KurentoDemoUITests */,
			);
		};
/* End PBXProject section */

/* Begin PBXResourcesBuildPhase section */
		96CB2CA424B1A6F400F026B7 /* Resources */ = {
			isa = PBXResourcesBuildPhase;
			buildActionMask = 2147483647;
			files = (
				8467E39D24B31A5D00CF45AD /* OneToOneViewController.xib in Resources */,
				96CB2CFD24B1B65D00F026B7 /* sample.mp4 in Resources */,
				96CB2CF124B1B65D00F026B7 /* StreamViewController.xib in Resources */,
				96FBD40A24B1D85B002708DC /* RoomViewController.xib in Resources */,
				96CB2CB924B1A6F700F026B7 /* LaunchScreen.storyboard in Resources */,
				96CB2CF324B1B65D00F026B7 /* ViewerViewController.xib in Resources */,
				96CB2CB624B1A6F700F026B7 /* Assets.xcassets in Resources */,
				96CB2CB124B1A6F400F026B7 /* Main.storyboard in Resources */,
				96FBD45424B24060002708DC /* HomeViewController.xib in Resources */,
			);
			runOnlyForDeploymentPostprocessing = 0;
		};
		96CB2CBD24B1A6F700F026B7 /* Resources */ = {
			isa = PBXResourcesBuildPhase;
			buildActionMask = 2147483647;
			files = (
			);
			runOnlyForDeploymentPostprocessing = 0;
		};
		96CB2CC824B1A6F700F026B7 /* Resources */ = {
			isa = PBXResourcesBuildPhase;
			buildActionMask = 2147483647;
			files = (
			);
			runOnlyForDeploymentPostprocessing = 0;
		};
/* End PBXResourcesBuildPhase section */

/* Begin PBXShellScriptBuildPhase section */
		34625815F532BB7080247476 /* [CP] Check Pods Manifest.lock */ = {
			isa = PBXShellScriptBuildPhase;
			buildActionMask = 2147483647;
			files = (
			);
			inputFileListPaths = (
			);
			inputPaths = (
				"${PODS_PODFILE_DIR_PATH}/Podfile.lock",
				"${PODS_ROOT}/Manifest.lock",
			);
			name = "[CP] Check Pods Manifest.lock";
			outputFileListPaths = (
			);
			outputPaths = (
				"$(DERIVED_FILE_DIR)/Pods-KurentoDemoTests-checkManifestLockResult.txt",
			);
			runOnlyForDeploymentPostprocessing = 0;
			shellPath = /bin/sh;
			shellScript = "diff \"${PODS_PODFILE_DIR_PATH}/Podfile.lock\" \"${PODS_ROOT}/Manifest.lock\" > /dev/null\nif [ $? != 0 ] ; then\n    # print error to STDERR\n    echo \"error: The sandbox is not in sync with the Podfile.lock. Run 'pod install' or update your CocoaPods installation.\" >&2\n    exit 1\nfi\n# This output is used by Xcode 'outputs' to avoid re-running this script phase.\necho \"SUCCESS\" > \"${SCRIPT_OUTPUT_FILE_0}\"\n";
			showEnvVarsInLog = 0;
		};
		3B8394FF0905B6C48DA3446E /* [CP] Check Pods Manifest.lock */ = {
			isa = PBXShellScriptBuildPhase;
			buildActionMask = 2147483647;
			files = (
			);
			inputFileListPaths = (
			);
			inputPaths = (
				"${PODS_PODFILE_DIR_PATH}/Podfile.lock",
				"${PODS_ROOT}/Manifest.lock",
			);
			name = "[CP] Check Pods Manifest.lock";
			outputFileListPaths = (
			);
			outputPaths = (
				"$(DERIVED_FILE_DIR)/Pods-KurentoDemo-KurentoDemoUITests-checkManifestLockResult.txt",
			);
			runOnlyForDeploymentPostprocessing = 0;
			shellPath = /bin/sh;
			shellScript = "diff \"${PODS_PODFILE_DIR_PATH}/Podfile.lock\" \"${PODS_ROOT}/Manifest.lock\" > /dev/null\nif [ $? != 0 ] ; then\n    # print error to STDERR\n    echo \"error: The sandbox is not in sync with the Podfile.lock. Run 'pod install' or update your CocoaPods installation.\" >&2\n    exit 1\nfi\n# This output is used by Xcode 'outputs' to avoid re-running this script phase.\necho \"SUCCESS\" > \"${SCRIPT_OUTPUT_FILE_0}\"\n";
			showEnvVarsInLog = 0;
		};
		48BC0E3A9BA302248562B861 /* [CP] Embed Pods Frameworks */ = {
			isa = PBXShellScriptBuildPhase;
			buildActionMask = 2147483647;
			files = (
			);
			inputFileListPaths = (
				"${PODS_ROOT}/Target Support Files/Pods-KurentoDemo/Pods-KurentoDemo-frameworks-${CONFIGURATION}-input-files.xcfilelist",
			);
			name = "[CP] Embed Pods Frameworks";
			outputFileListPaths = (
				"${PODS_ROOT}/Target Support Files/Pods-KurentoDemo/Pods-KurentoDemo-frameworks-${CONFIGURATION}-output-files.xcfilelist",
			);
			runOnlyForDeploymentPostprocessing = 0;
			shellPath = /bin/sh;
			shellScript = "\"${PODS_ROOT}/Target Support Files/Pods-KurentoDemo/Pods-KurentoDemo-frameworks.sh\"\n";
			showEnvVarsInLog = 0;
		};
		86A361FA5A5C55DB8B66FBD9 /* [CP] Embed Pods Frameworks */ = {
			isa = PBXShellScriptBuildPhase;
			buildActionMask = 2147483647;
			files = (
			);
			inputFileListPaths = (
				"${PODS_ROOT}/Target Support Files/Pods-KurentoDemo-KurentoDemoUITests/Pods-KurentoDemo-KurentoDemoUITests-frameworks-${CONFIGURATION}-input-files.xcfilelist",
			);
			name = "[CP] Embed Pods Frameworks";
			outputFileListPaths = (
				"${PODS_ROOT}/Target Support Files/Pods-KurentoDemo-KurentoDemoUITests/Pods-KurentoDemo-KurentoDemoUITests-frameworks-${CONFIGURATION}-output-files.xcfilelist",
			);
			runOnlyForDeploymentPostprocessing = 0;
			shellPath = /bin/sh;
			shellScript = "\"${PODS_ROOT}/Target Support Files/Pods-KurentoDemo-KurentoDemoUITests/Pods-KurentoDemo-KurentoDemoUITests-frameworks.sh\"\n";
			showEnvVarsInLog = 0;
		};
		F93D89CECE4F0137DEB79CB9 /* [CP] Check Pods Manifest.lock */ = {
			isa = PBXShellScriptBuildPhase;
			buildActionMask = 2147483647;
			files = (
			);
			inputFileListPaths = (
			);
			inputPaths = (
				"${PODS_PODFILE_DIR_PATH}/Podfile.lock",
				"${PODS_ROOT}/Manifest.lock",
			);
			name = "[CP] Check Pods Manifest.lock";
			outputFileListPaths = (
			);
			outputPaths = (
				"$(DERIVED_FILE_DIR)/Pods-KurentoDemo-checkManifestLockResult.txt",
			);
			runOnlyForDeploymentPostprocessing = 0;
			shellPath = /bin/sh;
			shellScript = "diff \"${PODS_PODFILE_DIR_PATH}/Podfile.lock\" \"${PODS_ROOT}/Manifest.lock\" > /dev/null\nif [ $? != 0 ] ; then\n    # print error to STDERR\n    echo \"error: The sandbox is not in sync with the Podfile.lock. Run 'pod install' or update your CocoaPods installation.\" >&2\n    exit 1\nfi\n# This output is used by Xcode 'outputs' to avoid re-running this script phase.\necho \"SUCCESS\" > \"${SCRIPT_OUTPUT_FILE_0}\"\n";
			showEnvVarsInLog = 0;
		};
/* End PBXShellScriptBuildPhase section */

/* Begin PBXSourcesBuildPhase section */
		96CB2CA224B1A6F400F026B7 /* Sources */ = {
			isa = PBXSourcesBuildPhase;
			buildActionMask = 2147483647;
			files = (
				96CB2CF624B1B65D00F026B7 /* RTCSettingsStore.swift in Sources */,
				96CB2CF224B1B65D00F026B7 /* ViewerViewController.swift in Sources */,
				96FBD40924B1D85B002708DC /* RoomViewController.swift in Sources */,
				96CB2CF724B1B65D00F026B7 /* RTCPeer.swift in Sources */,
				8467E39624B2D93F00CF45AD /* KurentoConfig.swift in Sources */,
				96CB2CF024B1B65D00F026B7 /* StreamViewController.swift in Sources */,
				96FBD45524B24060002708DC /* HomeViewController.swift in Sources */,
				96CB2CAE24B1A6F400F026B7 /* ViewController.swift in Sources */,
				96CB2CF524B1B65D00F026B7 /* WebRTCDelegate.swift in Sources */,
				8467E39824B2DD8600CF45AD /* Convert.swift in Sources */,
				96CB2CF924B1B65D00F026B7 /* RTCCapturerSettingsModel.swift in Sources */,
				96CB2CB424B1A6F400F026B7 /* KurentoDemo.xcdatamodeld in Sources */,
				96CB2CF824B1B65D00F026B7 /* AVCaptureState.swift in Sources */,
				96CB2CF424B1B65D00F026B7 /* SocketManager.swift in Sources */,
				96CB2CAA24B1A6F400F026B7 /* AppDelegate.swift in Sources */,
				8467E39C24B31A5D00CF45AD /* OneToOneViewController.swift in Sources */,
				96CB2CFA24B1B65D00F026B7 /* WebRTCClient.swift in Sources */,
			);
			runOnlyForDeploymentPostprocessing = 0;
		};
		96CB2CBB24B1A6F700F026B7 /* Sources */ = {
			isa = PBXSourcesBuildPhase;
			buildActionMask = 2147483647;
			files = (
				96CB2CC424B1A6F700F026B7 /* KurentoDemoTests.swift in Sources */,
			);
			runOnlyForDeploymentPostprocessing = 0;
		};
		96CB2CC624B1A6F700F026B7 /* Sources */ = {
			isa = PBXSourcesBuildPhase;
			buildActionMask = 2147483647;
			files = (
				96CB2CCF24B1A6F700F026B7 /* KurentoDemoUITests.swift in Sources */,
			);
			runOnlyForDeploymentPostprocessing = 0;
		};
/* End PBXSourcesBuildPhase section */

/* Begin PBXTargetDependency section */
		96CB2CC124B1A6F700F026B7 /* PBXTargetDependency */ = {
			isa = PBXTargetDependency;
			target = 96CB2CA524B1A6F400F026B7 /* KurentoDemo */;
			targetProxy = 96CB2CC024B1A6F700F026B7 /* PBXContainerItemProxy */;
		};
		96CB2CCC24B1A6F700F026B7 /* PBXTargetDependency */ = {
			isa = PBXTargetDependency;
			target = 96CB2CA524B1A6F400F026B7 /* KurentoDemo */;
			targetProxy = 96CB2CCB24B1A6F700F026B7 /* PBXContainerItemProxy */;
		};
/* End PBXTargetDependency section */

/* Begin PBXVariantGroup section */
		96CB2CAF24B1A6F400F026B7 /* Main.storyboard */ = {
			isa = PBXVariantGroup;
			children = (
				96CB2CB024B1A6F400F026B7 /* Base */,
			);
			name = Main.storyboard;
			sourceTree = "<group>";
		};
		96CB2CB724B1A6F700F026B7 /* LaunchScreen.storyboard */ = {
			isa = PBXVariantGroup;
			children = (
				96CB2CB824B1A6F700F026B7 /* Base */,
			);
			name = LaunchScreen.storyboard;
			sourceTree = "<group>";
		};
/* End PBXVariantGroup section */

/* Begin XCBuildConfiguration section */
		96CB2CD124B1A6F700F026B7 /* Debug */ = {
			isa = XCBuildConfiguration;
			buildSettings = {
				ALWAYS_SEARCH_USER_PATHS = NO;
				CLANG_ANALYZER_NONNULL = YES;
				CLANG_ANALYZER_NUMBER_OBJECT_CONVERSION = YES_AGGRESSIVE;
				CLANG_CXX_LANGUAGE_STANDARD = "gnu++14";
				CLANG_CXX_LIBRARY = "libc++";
				CLANG_ENABLE_MODULES = YES;
				CLANG_ENABLE_OBJC_ARC = YES;
				CLANG_ENABLE_OBJC_WEAK = YES;
				CLANG_WARN_BLOCK_CAPTURE_AUTORELEASING = YES;
				CLANG_WARN_BOOL_CONVERSION = YES;
				CLANG_WARN_COMMA = YES;
				CLANG_WARN_CONSTANT_CONVERSION = YES;
				CLANG_WARN_DEPRECATED_OBJC_IMPLEMENTATIONS = YES;
				CLANG_WARN_DIRECT_OBJC_ISA_USAGE = YES_ERROR;
				CLANG_WARN_DOCUMENTATION_COMMENTS = YES;
				CLANG_WARN_EMPTY_BODY = YES;
				CLANG_WARN_ENUM_CONVERSION = YES;
				CLANG_WARN_INFINITE_RECURSION = YES;
				CLANG_WARN_INT_CONVERSION = YES;
				CLANG_WARN_NON_LITERAL_NULL_CONVERSION = YES;
				CLANG_WARN_OBJC_IMPLICIT_RETAIN_SELF = YES;
				CLANG_WARN_OBJC_LITERAL_CONVERSION = YES;
				CLANG_WARN_OBJC_ROOT_CLASS = YES_ERROR;
				CLANG_WARN_RANGE_LOOP_ANALYSIS = YES;
				CLANG_WARN_STRICT_PROTOTYPES = YES;
				CLANG_WARN_SUSPICIOUS_MOVE = YES;
				CLANG_WARN_UNGUARDED_AVAILABILITY = YES_AGGRESSIVE;
				CLANG_WARN_UNREACHABLE_CODE = YES;
				CLANG_WARN__DUPLICATE_METHOD_MATCH = YES;
				COPY_PHASE_STRIP = NO;
				DEBUG_INFORMATION_FORMAT = dwarf;
				ENABLE_STRICT_OBJC_MSGSEND = YES;
				ENABLE_TESTABILITY = YES;
				GCC_C_LANGUAGE_STANDARD = gnu11;
				GCC_DYNAMIC_NO_PIC = NO;
				GCC_NO_COMMON_BLOCKS = YES;
				GCC_OPTIMIZATION_LEVEL = 0;
				GCC_PREPROCESSOR_DEFINITIONS = (
					"DEBUG=1",
					"$(inherited)",
				);
				GCC_WARN_64_TO_32_BIT_CONVERSION = YES;
				GCC_WARN_ABOUT_RETURN_TYPE = YES_ERROR;
				GCC_WARN_UNDECLARED_SELECTOR = YES;
				GCC_WARN_UNINITIALIZED_AUTOS = YES_AGGRESSIVE;
				GCC_WARN_UNUSED_FUNCTION = YES;
				GCC_WARN_UNUSED_VARIABLE = YES;
				IPHONEOS_DEPLOYMENT_TARGET = 13.2;
				MTL_ENABLE_DEBUG_INFO = INCLUDE_SOURCE;
				MTL_FAST_MATH = YES;
				ONLY_ACTIVE_ARCH = YES;
				SDKROOT = iphoneos;
				SWIFT_ACTIVE_COMPILATION_CONDITIONS = DEBUG;
				SWIFT_OPTIMIZATION_LEVEL = "-Onone";
			};
			name = Debug;
		};
		96CB2CD224B1A6F700F026B7 /* Release */ = {
			isa = XCBuildConfiguration;
			buildSettings = {
				ALWAYS_SEARCH_USER_PATHS = NO;
				CLANG_ANALYZER_NONNULL = YES;
				CLANG_ANALYZER_NUMBER_OBJECT_CONVERSION = YES_AGGRESSIVE;
				CLANG_CXX_LANGUAGE_STANDARD = "gnu++14";
				CLANG_CXX_LIBRARY = "libc++";
				CLANG_ENABLE_MODULES = YES;
				CLANG_ENABLE_OBJC_ARC = YES;
				CLANG_ENABLE_OBJC_WEAK = YES;
				CLANG_WARN_BLOCK_CAPTURE_AUTORELEASING = YES;
				CLANG_WARN_BOOL_CONVERSION = YES;
				CLANG_WARN_COMMA = YES;
				CLANG_WARN_CONSTANT_CONVERSION = YES;
				CLANG_WARN_DEPRECATED_OBJC_IMPLEMENTATIONS = YES;
				CLANG_WARN_DIRECT_OBJC_ISA_USAGE = YES_ERROR;
				CLANG_WARN_DOCUMENTATION_COMMENTS = YES;
				CLANG_WARN_EMPTY_BODY = YES;
				CLANG_WARN_ENUM_CONVERSION = YES;
				CLANG_WARN_INFINITE_RECURSION = YES;
				CLANG_WARN_INT_CONVERSION = YES;
				CLANG_WARN_NON_LITERAL_NULL_CONVERSION = YES;
				CLANG_WARN_OBJC_IMPLICIT_RETAIN_SELF = YES;
				CLANG_WARN_OBJC_LITERAL_CONVERSION = YES;
				CLANG_WARN_OBJC_ROOT_CLASS = YES_ERROR;
				CLANG_WARN_RANGE_LOOP_ANALYSIS = YES;
				CLANG_WARN_STRICT_PROTOTYPES = YES;
				CLANG_WARN_SUSPICIOUS_MOVE = YES;
				CLANG_WARN_UNGUARDED_AVAILABILITY = YES_AGGRESSIVE;
				CLANG_WARN_UNREACHABLE_CODE = YES;
				CLANG_WARN__DUPLICATE_METHOD_MATCH = YES;
				COPY_PHASE_STRIP = NO;
				DEBUG_INFORMATION_FORMAT = "dwarf-with-dsym";
				ENABLE_NS_ASSERTIONS = NO;
				ENABLE_STRICT_OBJC_MSGSEND = YES;
				GCC_C_LANGUAGE_STANDARD = gnu11;
				GCC_NO_COMMON_BLOCKS = YES;
				GCC_WARN_64_TO_32_BIT_CONVERSION = YES;
				GCC_WARN_ABOUT_RETURN_TYPE = YES_ERROR;
				GCC_WARN_UNDECLARED_SELECTOR = YES;
				GCC_WARN_UNINITIALIZED_AUTOS = YES_AGGRESSIVE;
				GCC_WARN_UNUSED_FUNCTION = YES;
				GCC_WARN_UNUSED_VARIABLE = YES;
				IPHONEOS_DEPLOYMENT_TARGET = 13.2;
				MTL_ENABLE_DEBUG_INFO = NO;
				MTL_FAST_MATH = YES;
				SDKROOT = iphoneos;
				SWIFT_COMPILATION_MODE = wholemodule;
				SWIFT_OPTIMIZATION_LEVEL = "-O";
				VALIDATE_PRODUCT = YES;
			};
			name = Release;
		};
		96CB2CD424B1A6F700F026B7 /* Debug */ = {
			isa = XCBuildConfiguration;
			baseConfigurationReference = 14A9593690377C80BAA2794E /* Pods-KurentoDemo.debug.xcconfig */;
			buildSettings = {
				ASSETCATALOG_COMPILER_APPICON_NAME = AppIcon;
				CODE_SIGN_STYLE = Automatic;
				DEVELOPMENT_TEAM = 5RRSZ87US2;
				ENABLE_BITCODE = NO;
				INFOPLIST_FILE = KurentoDemo/Info.plist;
				IPHONEOS_DEPLOYMENT_TARGET = 10.3;
				LD_RUNPATH_SEARCH_PATHS = (
					"$(inherited)",
					"@executable_path/Frameworks",
				);
				PRODUCT_BUNDLE_IDENTIFIER = app.zinzin.2020.KurentoDemo;
				PRODUCT_NAME = "$(TARGET_NAME)";
				SWIFT_OBJC_BRIDGING_HEADER = "KurentoDemo/KurentoDemo-Bridging-Header.h";
				SWIFT_VERSION = 5.0;
				TARGETED_DEVICE_FAMILY = 1;
				VALID_ARCHS = "arm64 arm64e armv7 armv7s";
			};
			name = Debug;
		};
		96CB2CD524B1A6F700F026B7 /* Release */ = {
			isa = XCBuildConfiguration;
			baseConfigurationReference = 5E4877ECBB514C9C11AD9740 /* Pods-KurentoDemo.release.xcconfig */;
			buildSettings = {
				ASSETCATALOG_COMPILER_APPICON_NAME = AppIcon;
				CODE_SIGN_STYLE = Automatic;
				DEVELOPMENT_TEAM = 5RRSZ87US2;
				ENABLE_BITCODE = NO;
				INFOPLIST_FILE = KurentoDemo/Info.plist;
				IPHONEOS_DEPLOYMENT_TARGET = 10.3;
				LD_RUNPATH_SEARCH_PATHS = (
					"$(inherited)",
					"@executable_path/Frameworks",
				);
				PRODUCT_BUNDLE_IDENTIFIER = app.zinzin.2020.KurentoDemo;
				PRODUCT_NAME = "$(TARGET_NAME)";
				SWIFT_OBJC_BRIDGING_HEADER = "KurentoDemo/KurentoDemo-Bridging-Header.h";
				SWIFT_VERSION = 5.0;
				TARGETED_DEVICE_FAMILY = 1;
				VALID_ARCHS = "arm64 arm64e armv7 armv7s";
			};
			name = Release;
		};
		96CB2CD724B1A6F700F026B7 /* Debug */ = {
			isa = XCBuildConfiguration;
			baseConfigurationReference = 6F56F0C2509726E1DC29984E /* Pods-KurentoDemoTests.debug.xcconfig */;
			buildSettings = {
				ALWAYS_EMBED_SWIFT_STANDARD_LIBRARIES = YES;
				BUNDLE_LOADER = "$(TEST_HOST)";
				CODE_SIGN_STYLE = Automatic;
				DEVELOPMENT_TEAM = 5RRSZ87US2;
				INFOPLIST_FILE = KurentoDemoTests/Info.plist;
				IPHONEOS_DEPLOYMENT_TARGET = 13.2;
				LD_RUNPATH_SEARCH_PATHS = (
					"$(inherited)",
					"@executable_path/Frameworks",
					"@loader_path/Frameworks",
				);
				PRODUCT_BUNDLE_IDENTIFIER = app.zinzin.2020.KurentoDemoTests;
				PRODUCT_NAME = "$(TARGET_NAME)";
				SWIFT_VERSION = 5.0;
				TARGETED_DEVICE_FAMILY = "1,2";
				TEST_HOST = "$(BUILT_PRODUCTS_DIR)/KurentoDemo.app/KurentoDemo";
			};
			name = Debug;
		};
		96CB2CD824B1A6F700F026B7 /* Release */ = {
			isa = XCBuildConfiguration;
			baseConfigurationReference = 1D6484279168897C8ED6A6E9 /* Pods-KurentoDemoTests.release.xcconfig */;
			buildSettings = {
				ALWAYS_EMBED_SWIFT_STANDARD_LIBRARIES = YES;
				BUNDLE_LOADER = "$(TEST_HOST)";
				CODE_SIGN_STYLE = Automatic;
				DEVELOPMENT_TEAM = 5RRSZ87US2;
				INFOPLIST_FILE = KurentoDemoTests/Info.plist;
				IPHONEOS_DEPLOYMENT_TARGET = 13.2;
				LD_RUNPATH_SEARCH_PATHS = (
					"$(inherited)",
					"@executable_path/Frameworks",
					"@loader_path/Frameworks",
				);
				PRODUCT_BUNDLE_IDENTIFIER = app.zinzin.2020.KurentoDemoTests;
				PRODUCT_NAME = "$(TARGET_NAME)";
				SWIFT_VERSION = 5.0;
				TARGETED_DEVICE_FAMILY = "1,2";
				TEST_HOST = "$(BUILT_PRODUCTS_DIR)/KurentoDemo.app/KurentoDemo";
			};
			name = Release;
		};
		96CB2CDA24B1A6F700F026B7 /* Debug */ = {
			isa = XCBuildConfiguration;
			baseConfigurationReference = 6D8BE2AC1FB666B26072F2F7 /* Pods-KurentoDemo-KurentoDemoUITests.debug.xcconfig */;
			buildSettings = {
				ALWAYS_EMBED_SWIFT_STANDARD_LIBRARIES = YES;
				CODE_SIGN_STYLE = Automatic;
				DEVELOPMENT_TEAM = 5RRSZ87US2;
				INFOPLIST_FILE = KurentoDemoUITests/Info.plist;
				LD_RUNPATH_SEARCH_PATHS = (
					"$(inherited)",
					"@executable_path/Frameworks",
					"@loader_path/Frameworks",
				);
				PRODUCT_BUNDLE_IDENTIFIER = app.zinzin.2020.KurentoDemoUITests;
				PRODUCT_NAME = "$(TARGET_NAME)";
				SWIFT_VERSION = 5.0;
				TARGETED_DEVICE_FAMILY = "1,2";
				TEST_TARGET_NAME = KurentoDemo;
			};
			name = Debug;
		};
		96CB2CDB24B1A6F700F026B7 /* Release */ = {
			isa = XCBuildConfiguration;
			baseConfigurationReference = 125CC5C8A42FB16DD4FD184B /* Pods-KurentoDemo-KurentoDemoUITests.release.xcconfig */;
			buildSettings = {
				ALWAYS_EMBED_SWIFT_STANDARD_LIBRARIES = YES;
				CODE_SIGN_STYLE = Automatic;
				DEVELOPMENT_TEAM = 5RRSZ87US2;
				INFOPLIST_FILE = KurentoDemoUITests/Info.plist;
				LD_RUNPATH_SEARCH_PATHS = (
					"$(inherited)",
					"@executable_path/Frameworks",
					"@loader_path/Frameworks",
				);
				PRODUCT_BUNDLE_IDENTIFIER = app.zinzin.2020.KurentoDemoUITests;
				PRODUCT_NAME = "$(TARGET_NAME)";
				SWIFT_VERSION = 5.0;
				TARGETED_DEVICE_FAMILY = "1,2";
				TEST_TARGET_NAME = KurentoDemo;
			};
			name = Release;
		};
/* End XCBuildConfiguration section */

/* Begin XCConfigurationList section */
		96CB2CA124B1A6F400F026B7 /* Build configuration list for PBXProject "KurentoDemo" */ = {
			isa = XCConfigurationList;
			buildConfigurations = (
				96CB2CD124B1A6F700F026B7 /* Debug */,
				96CB2CD224B1A6F700F026B7 /* Release */,
			);
			defaultConfigurationIsVisible = 0;
			defaultConfigurationName = Release;
		};
		96CB2CD324B1A6F700F026B7 /* Build configuration list for PBXNativeTarget "KurentoDemo" */ = {
			isa = XCConfigurationList;
			buildConfigurations = (
				96CB2CD424B1A6F700F026B7 /* Debug */,
				96CB2CD524B1A6F700F026B7 /* Release */,
			);
			defaultConfigurationIsVisible = 0;
			defaultConfigurationName = Release;
		};
		96CB2CD624B1A6F700F026B7 /* Build configuration list for PBXNativeTarget "KurentoDemoTests" */ = {
			isa = XCConfigurationList;
			buildConfigurations = (
				96CB2CD724B1A6F700F026B7 /* Debug */,
				96CB2CD824B1A6F700F026B7 /* Release */,
			);
			defaultConfigurationIsVisible = 0;
			defaultConfigurationName = Release;
		};
		96CB2CD924B1A6F700F026B7 /* Build configuration list for PBXNativeTarget "KurentoDemoUITests" */ = {
			isa = XCConfigurationList;
			buildConfigurations = (
				96CB2CDA24B1A6F700F026B7 /* Debug */,
				96CB2CDB24B1A6F700F026B7 /* Release */,
			);
			defaultConfigurationIsVisible = 0;
			defaultConfigurationName = Release;
		};
/* End XCConfigurationList section */

/* Begin XCVersionGroup section */
		96CB2CB224B1A6F400F026B7 /* KurentoDemo.xcdatamodeld */ = {
			isa = XCVersionGroup;
			children = (
				96CB2CB324B1A6F400F026B7 /* KurentoDemo.xcdatamodel */,
			);
			currentVersion = 96CB2CB324B1A6F400F026B7 /* KurentoDemo.xcdatamodel */;
			path = KurentoDemo.xcdatamodeld;
			sourceTree = "<group>";
			versionGroupType = wrapper.xcdatamodel;
		};
/* End XCVersionGroup section */
	};
	rootObject = 96CB2C9E24B1A6F400F026B7 /* Project object */;
}
